
Microsoft Visual Studio Solution File, Format Version 12.00
# Visual Studio Version 17
VisualStudioVersion = 17.2.32317.152
MinimumVisualStudioVersion = 10.0.40219.1
Project("{8BC9CEB8-8B4A-11D0-8D11-00A0C91BC942}") = "dms", "dms\dms.vcxproj", "{55AA3E0A-8C48-4B58-BA46-D0701F5BEBBF}"
EndProject
Project("{FAE04EC0-301F-11D3-BF4B-00C04F79EFBC}") = "dmcs", "dmcs\dmcs.csproj", "{AB2CFB91-CF72-453C-947F-925442CEEF08}"
EndProject
Global
	GlobalSection(SolutionConfigurationPlatforms) = preSolution
		Debug|Any CPU = Debug|Any CPU
		Debug|x64 = Debug|x64
		Debug|x86 = Debug|x86
		Release|Any CPU = Release|Any CPU
		Release|x64 = Release|x64
		Release|x86 = Release|x86
	EndGlobalSection
	GlobalSection(ProjectConfigurationPlatforms) = postSolution
		{55AA3E0A-8C48-4B58-BA46-D0701F5BEBBF}.Debug|Any CPU.ActiveCfg = Debug|x64
		{55AA3E0A-8C48-4B58-BA46-D0701F5BEBBF}.Debug|Any CPU.Build.0 = Debug|x64
		{55AA3E0A-8C48-4B58-BA46-D0701F5BEBBF}.Debug|x64.ActiveCfg = Debug|x64
		{55AA3E0A-8C48-4B58-BA46-D0701F5BEBBF}.Debug|x64.Build.0 = Debug|x64
		{55AA3E0A-8C48-4B58-BA46-D0701F5BEBBF}.Debug|x86.ActiveCfg = Debug|Win32
		{55AA3E0A-8C48-4B58-BA46-D0701F5BEBBF}.Debug|x86.Build.0 = Debug|Win32
		{55AA3E0A-8C48-4B58-BA46-D0701F5BEBBF}.Release|Any CPU.ActiveCfg = Release|x64
		{55AA3E0A-8C48-4B58-BA46-D0701F5BEBBF}.Release|Any CPU.Build.0 = Release|x64
		{55AA3E0A-8C48-4B58-BA46-D0701F5BEBBF}.Release|x64.ActiveCfg = Release|x64
		{55AA3E0A-8C48-4B58-BA46-D0701F5BEBBF}.Release|x64.Build.0 = Release|x64
		{55AA3E0A-8C48-4B58-BA46-D0701F5BEBBF}.Release|x86.ActiveCfg = Release|Win32
		{55AA3E0A-8C48-4B58-BA46-D0701F5BEBBF}.Release|x86.Build.0 = Release|Win32
		{AB2CFB91-CF72-453C-947F-925442CEEF08}.Debug|Any CPU.ActiveCfg = Debug|Any CPU
		{AB2CFB91-CF72-453C-947F-925442CEEF08}.Debug|Any CPU.Build.0 = Debug|Any CPU
		{AB2CFB91-CF72-453C-947F-925442CEEF08}.Debug|x64.ActiveCfg = Debug|Any CPU
		{AB2CFB91-CF72-453C-947F-925442CEEF08}.Debug|x64.Build.0 = Debug|Any CPU
		{AB2CFB91-CF72-453C-947F-925442CEEF08}.Debug|x86.ActiveCfg = Debug|Any CPU
		{AB2CFB91-CF72-453C-947F-925442CEEF08}.Debug|x86.Build.0 = Debug|Any CPU
		{AB2CFB91-CF72-453C-947F-925442CEEF08}.Release|Any CPU.ActiveCfg = Release|Any CPU
		{AB2CFB91-CF72-453C-947F-925442CEEF08}.Release|Any CPU.Build.0 = Release|Any CPU
		{AB2CFB91-CF72-453C-947F-925442CEEF08}.Release|x64.ActiveCfg = Release|Any CPU
		{AB2CFB91-CF72-453C-947F-925442CEEF08}.Release|x64.Build.0 = Release|Any CPU
		{AB2CFB91-CF72-453C-947F-925442CEEF08}.Release|x86.ActiveCfg = Release|Any CPU
		{AB2CFB91-CF72-453C-947F-925442CEEF08}.Release|x86.Build.0 = Release|Any CPU
	EndGlobalSection
	GlobalSection(SolutionProperties) = preSolution
		HideSolutionNode = FALSE
	EndGlobalSection
	GlobalSection(ExtensibilityGlobals) = postSolution
		SolutionGuid = {D64B3918-FF8B-46D9-9153-44CBD4B9B34B}
	EndGlobalSection
EndGlobal
